// !$*UTF8*$!
{
	archiveVersion = 1;
	classes = {
	};
	objectVersion = 46;
	objects = {

/* Begin PBXBuildFile section */
		3A19E5641CFCCF7600A3522B /* AppDelegate.swift in Sources */ = {isa = PBXBuildFile; fileRef = 3A19E5631CFCCF7600A3522B /* AppDelegate.swift */; };
		3A19E5661CFCCF7600A3522B /* ViewController.swift in Sources */ = {isa = PBXBuildFile; fileRef = 3A19E5651CFCCF7600A3522B /* ViewController.swift */; };
		3A19E5691CFCCF7600A3522B /* Main.storyboard in Resources */ = {isa = PBXBuildFile; fileRef = 3A19E5671CFCCF7600A3522B /* Main.storyboard */; };
		3A19E56B1CFCCF7600A3522B /* Assets.xcassets in Resources */ = {isa = PBXBuildFile; fileRef = 3A19E56A1CFCCF7600A3522B /* Assets.xcassets */; };
		3A19E56E1CFCCF7600A3522B /* LaunchScreen.storyboard in Resources */ = {isa = PBXBuildFile; fileRef = 3A19E56C1CFCCF7600A3522B /* LaunchScreen.storyboard */; };
		3A19E5791CFCCF7600A3522B /* pTests.swift in Sources */ = {isa = PBXBuildFile; fileRef = 3A19E5781CFCCF7600A3522B /* pTests.swift */; };
		3A19E5841CFCCF7600A3522B /* pUITests.swift in Sources */ = {isa = PBXBuildFile; fileRef = 3A19E5831CFCCF7600A3522B /* pUITests.swift */; };
/* End PBXBuildFile section */

/* Begin PBXContainerItemProxy section */
		3A19E5751CFCCF7600A3522B /* PBXContainerItemProxy */ = {
			isa = PBXContainerItemProxy;
			containerPortal = 3A19E5581CFCCF7600A3522B /* Project object */;
			proxyType = 1;
			remoteGlobalIDString = 3A19E55F1CFCCF7600A3522B;
			remoteInfo = p;
		};
		3A19E5801CFCCF7600A3522B /* PBXContainerItemProxy */ = {
			isa = PBXContainerItemProxy;
			containerPortal = 3A19E5581CFCCF7600A3522B /* Project object */;
			proxyType = 1;
			remoteGlobalIDString = 3A19E55F1CFCCF7600A3522B;
			remoteInfo = p;
		};
/* End PBXContainerItemProxy section */

/* Begin PBXFileReference section */
		3A19E5601CFCCF7600A3522B /* p.app */ = {isa = PBXFileReference; explicitFileType = wrapper.application; includeInIndex = 0; path = p.app; sourceTree = BUILT_PRODUCTS_DIR; };
		3A19E5631CFCCF7600A3522B /* AppDelegate.swift */ = {isa = PBXFileReference; lastKnownFileType = sourcecode.swift; path = AppDelegate.swift; sourceTree = "<group>"; };
		3A19E5651CFCCF7600A3522B /* ViewController.swift */ = {isa = PBXFileReference; lastKnownFileType = sourcecode.swift; path = ViewController.swift; sourceTree = "<group>"; };
		3A19E5681CFCCF7600A3522B /* Base */ = {isa = PBXFileReference; lastKnownFileType = file.storyboard; name = Base; path = Base.lproj/Main.storyboard; sourceTree = "<group>"; };
		3A19E56A1CFCCF7600A3522B /* Assets.xcassets */ = {isa = PBXFileReference; lastKnownFileType = folder.assetcatalog; path = Assets.xcassets; sourceTree = "<group>"; };
		3A19E56D1CFCCF7600A3522B /* Base */ = {isa = PBXFileReference; lastKnownFileType = file.storyboard; name = Base; path = Base.lproj/LaunchScreen.storyboard; sourceTree = "<group>"; };
		3A19E56F1CFCCF7600A3522B /* Info.plist */ = {isa = PBXFileReference; lastKnownFileType = text.plist.xml; path = Info.plist; sourceTree = "<group>"; };
		3A19E5741CFCCF7600A3522B /* pTests.xctest */ = {isa = PBXFileReference; explicitFileType = wrapper.cfbundle; includeInIndex = 0; path = pTests.xctest; sourceTree = BUILT_PRODUCTS_DIR; };
		3A19E5781CFCCF7600A3522B /* pTests.swift */ = {isa = PBXFileReference; lastKnownFileType = sourcecode.swift; path = pTests.swift; sourceTree = "<group>"; };
		3A19E57A1CFCCF7600A3522B /* Info.plist */ = {isa = PBXFileReference; lastKnownFileType = text.plist.xml; path = Info.plist; sourceTree = "<group>"; };
		3A19E57F1CFCCF7600A3522B /* pUITests.xctest */ = {isa = PBXFileReference; explicitFileType = wrapper.cfbundle; includeInIndex = 0; path = pUITests.xctest; sourceTree = BUILT_PRODUCTS_DIR; };
		3A19E5831CFCCF7600A3522B /* pUITests.swift */ = {isa = PBXFileReference; lastKnownFileType = sourcecode.swift; path = pUITests.swift; sourceTree = "<group>"; };
		3A19E5851CFCCF7600A3522B /* Info.plist */ = {isa = PBXFileReference; lastKnownFileType = text.plist.xml; path = Info.plist; sourceTree = "<group>"; };
/* End PBXFileReference section */

/* Begin PBXFrameworksBuildPhase section */
		3A19E55D1CFCCF7600A3522B /* Frameworks */ = {
			isa = PBXFrameworksBuildPhase;
			buildActionMask = 2147483647;
			files = (
			);
			runOnlyForDeploymentPostprocessing = 0;
		};
		3A19E5711CFCCF7600A3522B /* Frameworks */ = {
			isa = PBXFrameworksBuildPhase;
			buildActionMask = 2147483647;
			files = (
			);
			runOnlyForDeploymentPostprocessing = 0;
		};
		3A19E57C1CFCCF7600A3522B /* Frameworks */ = {
			isa = PBXFrameworksBuildPhase;
			buildActionMask = 2147483647;
			files = (
			);
			runOnlyForDeploymentPostprocessing = 0;
		};
/* End PBXFrameworksBuildPhase section */

/* Begin PBXGroup section */
		3A19E5571CFCCF7600A3522B = {
			isa = PBXGroup;
			children = (
				3A19E5621CFCCF7600A3522B /* p */,
				3A19E5771CFCCF7600A3522B /* pTests */,
				3A19E5821CFCCF7600A3522B /* pUITests */,
				3A19E5611CFCCF7600A3522B /* Products */,
			);
			sourceTree = "<group>";
		};
		3A19E5611CFCCF7600A3522B /* Products */ = {
			isa = PBXGroup;
			children = (
				3A19E5601CFCCF7600A3522B /* p.app */,
				3A19E5741CFCCF7600A3522B /* pTests.xctest */,
				3A19E57F1CFCCF7600A3522B /* pUITests.xctest */,
			);
			name = Products;
			sourceTree = "<group>";
		};
		3A19E5621CFCCF7600A3522B /* p */ = {
			isa = PBXGroup;
			children = (
				3A19E5631CFCCF7600A3522B /* AppDelegate.swift */,
				3A19E5651CFCCF7600A3522B /* ViewController.swift */,
				3A19E5671CFCCF7600A3522B /* Main.storyboard */,
				3A19E56A1CFCCF7600A3522B /* Assets.xcassets */,
				3A19E56C1CFCCF7600A3522B /* LaunchScreen.storyboard */,
				3A19E56F1CFCCF7600A3522B /* Info.plist */,
			);
			path = p;
			sourceTree = "<group>";
		};
		3A19E5771CFCCF7600A3522B /* pTests */ = {
			isa = PBXGroup;
			children = (
				3A19E5781CFCCF7600A3522B /* pTests.swift */,
				3A19E57A1CFCCF7600A3522B /* Info.plist */,
			);
			path = pTests;
			sourceTree = "<group>";
		};
		3A19E5821CFCCF7600A3522B /* pUITests */ = {
			isa = PBXGroup;
			children = (
				3A19E5831CFCCF7600A3522B /* pUITests.swift */,
				3A19E5851CFCCF7600A3522B /* Info.plist */,
			);
			path = pUITests;
			sourceTree = "<group>";
		};
/* End PBXGroup section */

/* Begin PBXNativeTarget section */
		3A19E55F1CFCCF7600A3522B /* p */ = {
			isa = PBXNativeTarget;
			buildConfigurationList = 3A19E5881CFCCF7600A3522B /* Build configuration list for PBXNativeTarget "p" */;
			buildPhases = (
				3A19E55C1CFCCF7600A3522B /* Sources */,
				3A19E55D1CFCCF7600A3522B /* Frameworks */,
				3A19E55E1CFCCF7600A3522B /* Resources */,
			);
			buildRules = (
			);
			dependencies = (
			);
			name = p;
			productName = p;
			productReference = 3A19E5601CFCCF7600A3522B /* p.app */;
			productType = "com.apple.product-type.application";
		};
		3A19E5731CFCCF7600A3522B /* pTests */ = {
			isa = PBXNativeTarget;
			buildConfigurationList = 3A19E58B1CFCCF7600A3522B /* Build configuration list for PBXNativeTarget "pTests" */;
			buildPhases = (
				3A19E5701CFCCF7600A3522B /* Sources */,
				3A19E5711CFCCF7600A3522B /* Frameworks */,
				3A19E5721CFCCF7600A3522B /* Resources */,
			);
			buildRules = (
			);
			dependencies = (
				3A19E5761CFCCF7600A3522B /* PBXTargetDependency */,
			);
			name = pTests;
			productName = pTests;
			productReference = 3A19E5741CFCCF7600A3522B /* pTests.xctest */;
			productType = "com.apple.product-type.bundle.unit-test";
		};
		3A19E57E1CFCCF7600A3522B /* pUITests */ = {
			isa = PBXNativeTarget;
			buildConfigurationList = 3A19E58E1CFCCF7600A3522B /* Build configuration list for PBXNativeTarget "pUITests" */;
			buildPhases = (
				3A19E57B1CFCCF7600A3522B /* Sources */,
				3A19E57C1CFCCF7600A3522B /* Frameworks */,
				3A19E57D1CFCCF7600A3522B /* Resources */,
			);
			buildRules = (
			);
			dependencies = (
				3A19E5811CFCCF7600A3522B /* PBXTargetDependency */,
			);
			name = pUITests;
			productName = pUITests;
			productReference = 3A19E57F1CFCCF7600A3522B /* pUITests.xctest */;
			productType = "com.apple.product-type.bundle.ui-testing";
		};
/* End PBXNativeTarget section */

/* Begin PBXProject section */
		3A19E5581CFCCF7600A3522B /* Project object */ = {
			isa = PBXProject;
			attributes = {
				LastSwiftUpdateCheck = 0730;
				LastUpgradeCheck = 0730;
				ORGANIZATIONNAME = "Raheela Khan";
				TargetAttributes = {
					3A19E55F1CFCCF7600A3522B = {
						CreatedOnToolsVersion = 7.3;
						DevelopmentTeam = MPCSL4QN28;
					};
					3A19E5731CFCCF7600A3522B = {
						CreatedOnToolsVersion = 7.3;
						TestTargetID = 3A19E55F1CFCCF7600A3522B;
					};
					3A19E57E1CFCCF7600A3522B = {
						CreatedOnToolsVersion = 7.3;
						TestTargetID = 3A19E55F1CFCCF7600A3522B;
					};
				};
			};
			buildConfigurationList = 3A19E55B1CFCCF7600A3522B /* Build configuration list for PBXProject "p" */;
			compatibilityVersion = "Xcode 3.2";
			developmentRegion = English;
			hasScannedForEncodings = 0;
			knownRegions = (
				en,
				Base,
			);
			mainGroup = 3A19E5571CFCCF7600A3522B;
			productRefGroup = 3A19E5611CFCCF7600A3522B /* Products */;
			projectDirPath = "";
			projectRoot = "";
			targets = (
				3A19E55F1CFCCF7600A3522B /* p */,
				3A19E5731CFCCF7600A3522B /* pTests */,
				3A19E57E1CFCCF7600A3522B /* pUITests */,
			);
		};
/* End PBXProject section */

/* Begin PBXResourcesBuildPhase section */
		3A19E55E1CFCCF7600A3522B /* Resources */ = {
			isa = PBXResourcesBuildPhase;
			buildActionMask = 2147483647;
			files = (
				3A19E56E1CFCCF7600A3522B /* LaunchScreen.storyboard in Resources */,
				3A19E56B1CFCCF7600A3522B /* Assets.xcassets in Resources */,
				3A19E5691CFCCF7600A3522B /* Main.storyboard in Resources */,
			);
			runOnlyForDeploymentPostprocessing = 0;
		};
		3A19E5721CFCCF7600A3522B /* Resources */ = {
			isa = PBXResourcesBuildPhase;
			buildActionMask = 2147483647;
			files = (
			);
			runOnlyForDeploymentPostprocessing = 0;
		};
		3A19E57D1CFCCF7600A3522B /* Resources */ = {
			isa = PBXResourcesBuildPhase;
			buildActionMask = 2147483647;
			files = (
			);
			runOnlyForDeploymentPostprocessing = 0;
		};
/* End PBXResourcesBuildPhase section */

/* Begin PBXSourcesBuildPhase section */
		3A19E55C1CFCCF7600A3522B /* Sources */ = {
			isa = PBXSourcesBuildPhase;
			buildActionMask = 2147483647;
			files = (
				3A19E5661CFCCF7600A3522B /* ViewController.swift in Sources */,
				3A19E5641CFCCF7600A3522B /* AppDelegate.swift in Sources */,
			);
			runOnlyForDeploymentPostprocessing = 0;
		};
		3A19E5701CFCCF7600A3522B /* Sources */ = {
			isa = PBXSourcesBuildPhase;
			buildActionMask = 2147483647;
			files = (
				3A19E5791CFCCF7600A3522B /* pTests.swift in Sources */,
			);
			runOnlyForDeploymentPostprocessing = 0;
		};
		3A19E57B1CFCCF7600A3522B /* Sources */ = {
			isa = PBXSourcesBuildPhase;
			buildActionMask = 2147483647;
			files = (
				3A19E5841CFCCF7600A3522B /* pUITests.swift in Sources */,
			);
			runOnlyForDeploymentPostprocessing = 0;
		};
/* End PBXSourcesBuildPhase section */

/* Begin PBXTargetDependency section */
		3A19E5761CFCCF7600A3522B /* PBXTargetDependency */ = {
			isa = PBXTargetDependency;
			target = 3A19E55F1CFCCF7600A3522B /* p */;
			targetProxy = 3A19E5751CFCCF7600A3522B /* PBXContainerItemProxy */;
		};
		3A19E5811CFCCF7600A3522B /* PBXTargetDependency */ = {
			isa = PBXTargetDependency;
			target = 3A19E55F1CFCCF7600A3522B /* p */;
			targetProxy = 3A19E5801CFCCF7600A3522B /* PBXContainerItemProxy */;
		};
/* End PBXTargetDependency section */

/* Begin PBXVariantGroup section */
		3A19E5671CFCCF7600A3522B /* Main.storyboard */ = {
			isa = PBXVariantGroup;
			children = (
				3A19E5681CFCCF7600A3522B /* Base */,
			);
			name = Main.storyboard;
			sourceTree = "<group>";
		};
		3A19E56C1CFCCF7600A3522B /* LaunchScreen.storyboard */ = {
			isa = PBXVariantGroup;
			children = (
				3A19E56D1CFCCF7600A3522B /* Base */,
			);
			name = LaunchScreen.storyboard;
			sourceTree = "<group>";
		};
/* End PBXVariantGroup section */

/* Begin XCBuildConfiguration section */
		3A19E5861CFCCF7600A3522B /* Debug */ = {
			isa = XCBuildConfiguration;
			buildSettings = {
				ALWAYS_SEARCH_USER_PATHS = NO;
				CLANG_ANALYZER_NONNULL = YES;
				CLANG_CXX_LANGUAGE_STANDARD = "gnu++0x";
				CLANG_CXX_LIBRARY = "libc++";
				CLANG_ENABLE_MODULES = YES;
				CLANG_ENABLE_OBJC_ARC = YES;
				CLANG_WARN_BOOL_CONVERSION = YES;
				CLANG_WARN_CONSTANT_CONVERSION = YES;
				CLANG_WARN_DIRECT_OBJC_ISA_USAGE = YES_ERROR;
				CLANG_WARN_EMPTY_BODY = YES;
				CLANG_WARN_ENUM_CONVERSION = YES;
				CLANG_WARN_INT_CONVERSION = YES;
				CLANG_WARN_OBJC_ROOT_CLASS = YES_ERROR;
				CLANG_WARN_UNREACHABLE_CODE = YES;
				CLANG_WARN__DUPLICATE_METHOD_MATCH = YES;
				"CODE_SIGN_IDENTITY[sdk=iphoneos*]" = "iPhone Developer";
				COPY_PHASE_STRIP = NO;
				DEBUG_INFORMATION_FORMAT = dwarf;
				ENABLE_STRICT_OBJC_MSGSEND = YES;
				ENABLE_TESTABILITY = YES;
				GCC_C_LANGUAGE_STANDARD = gnu99;
				GCC_DYNAMIC_NO_PIC = NO;
				GCC_NO_COMMON_BLOCKS = YES;
				GCC_OPTIMIZATION_LEVEL = 0;
				GCC_PREPROCESSOR_DEFINITIONS = (
					"DEBUG=1",
					"$(inherited)",
				);
				GCC_WARN_64_TO_32_BIT_CONVERSION = YES;
				GCC_WARN_ABOUT_RETURN_TYPE = YES_ERROR;
				GCC_WARN_UNDECLARED_SELECTOR = YES;
				GCC_WARN_UNINITIALIZED_AUTOS = YES_AGGRESSIVE;
				GCC_WARN_UNUSED_FUNCTION = YES;
				GCC_WARN_UNUSED_VARIABLE = YES;
				IPHONEOS_DEPLOYMENT_TARGET = 9.3;
				MTL_ENABLE_DEBUG_INFO = YES;
				ONLY_ACTIVE_ARCH = YES;
				SDKROOT = iphoneos;
				SWIFT_OPTIMIZATION_LEVEL = "-Onone";
				TARGETED_DEVICE_FAMILY = "1,2";
			};
			name = Debug;
		};
		3A19E5871CFCCF7600A3522B /* Release */ = {
			isa = XCBuildConfiguration;
			buildSettings = {
				ALWAYS_SEARCH_USER_PATHS = NO;
				CLANG_ANALYZER_NONNULL = YES;
				CLANG_CXX_LANGUAGE_STANDARD = "gnu++0x";
				CLANG_CXX_LIBRARY = "libc++";
				CLANG_ENABLE_MODULES = YES;
				CLANG_ENABLE_OBJC_ARC = YES;
				CLANG_WARN_BOOL_CONVERSION = YES;
				CLANG_WARN_CONSTANT_CONVERSION = YES;
				CLANG_WARN_DIRECT_OBJC_ISA_USAGE = YES_ERROR;
				CLANG_WARN_EMPTY_BODY = YES;
				CLANG_WARN_ENUM_CONVERSION = YES;
				CLANG_WARN_INT_CONVERSION = YES;
				CLANG_WARN_OBJC_ROOT_CLASS = YES_ERROR;
				CLANG_WARN_UNREACHABLE_CODE = YES;
				CLANG_WARN__DUPLICATE_METHOD_MATCH = YES;
				"CODE_SIGN_IDENTITY[sdk=iphoneos*]" = "iPhone Developer";
				COPY_PHASE_STRIP = NO;
				DEBUG_INFORMATION_FORMAT = "dwarf-with-dsym";
				ENABLE_NS_ASSERTIONS = NO;
				ENABLE_STRICT_OBJC_MSGSEND = YES;
				GCC_C_LANGUAGE_STANDARD = gnu99;
				GCC_NO_COMMON_BLOCKS = YES;
				GCC_WARN_64_TO_32_BIT_CONVERSION = YES;
				GCC_WARN_ABOUT_RETURN_TYPE = YES_ERROR;
				GCC_WARN_UNDECLARED_SELECTOR = YES;
				GCC_WARN_UNINITIALIZED_AUTOS = YES_AGGRESSIVE;
				GCC_WARN_UNUSED_FUNCTION = YES;
				GCC_WARN_UNUSED_VARIABLE = YES;
				IPHONEOS_DEPLOYMENT_TARGET = 9.3;
				MTL_ENABLE_DEBUG_INFO = NO;
				SDKROOT = iphoneos;
				TARGETED_DEVICE_FAMILY = "1,2";
				VALIDATE_PRODUCT = YES;
			};
			name = Release;
		};
		3A19E5891CFCCF7600A3522B /* Debug */ = {
			isa = XCBuildConfiguration;
			buildSettings = {
				ASSETCATALOG_COMPILER_APPICON_NAME = AppIcon;
				CODE_SIGN_IDENTITY = "iPhone Developer";
				INFOPLIST_FILE = p/Info.plist;
				LD_RUNPATH_SEARCH_PATHS = "$(inherited) @executable_path/Frameworks";
				PRODUCT_BUNDLE_IDENTIFIER = com.prioritize.raheelakhan.p;
				PRODUCT_NAME = "$(TARGET_NAME)";
			};
			name = Debug;
		};
		3A19E58A1CFCCF7600A3522B /* Release */ = {
			isa = XCBuildConfiguration;
			buildSettings = {
				ASSETCATALOG_COMPILER_APPICON_NAME = AppIcon;
				CODE_SIGN_IDENTITY = "iPhone Developer";
				INFOPLIST_FILE = p/Info.plist;
				LD_RUNPATH_SEARCH_PATHS = "$(inherited) @executable_path/Frameworks";
				PRODUCT_BUNDLE_IDENTIFIER = com.prioritize.raheelakhan.p;
				PRODUCT_NAME = "$(TARGET_NAME)";
			};
			name = Release;
		};
		3A19E58C1CFCCF7600A3522B /* Debug */ = {
			isa = XCBuildConfiguration;
			buildSettings = {
				BUNDLE_LOADER = "$(TEST_HOST)";
				INFOPLIST_FILE = pTests/Info.plist;
				LD_RUNPATH_SEARCH_PATHS = "$(inherited) @executable_path/Frameworks @loader_path/Frameworks";
				PRODUCT_BUNDLE_IDENTIFIER = com.prioritize.raheelakhan.pTests;
				PRODUCT_NAME = "$(TARGET_NAME)";
				TEST_HOST = "$(BUILT_PRODUCTS_DIR)/p.app/p";
			};
			name = Debug;
		};
		3A19E58D1CFCCF7600A3522B /* Release */ = {
			isa = XCBuildConfiguration;
			buildSettings = {
				BUNDLE_LOADER = "$(TEST_HOST)";
				INFOPLIST_FILE = pTests/Info.plist;
				LD_RUNPATH_SEARCH_PATHS = "$(inherited) @executable_path/Frameworks @loader_path/Frameworks";
				PRODUCT_BUNDLE_IDENTIFIER = com.prioritize.raheelakhan.pTests;
				PRODUCT_NAME = "$(TARGET_NAME)";
				TEST_HOST = "$(BUILT_PRODUCTS_DIR)/p.app/p";
			};
			name = Release;
		};
		3A19E58F1CFCCF7600A3522B /* Debug */ = {
			isa = XCBuildConfiguration;
			buildSettings = {
				INFOPLIST_FILE = pUITests/Info.plist;
				LD_RUNPATH_SEARCH_PATHS = "$(inherited) @executable_path/Frameworks @loader_path/Frameworks";
				PRODUCT_BUNDLE_IDENTIFIER = com.prioritize.raheelakhan.pUITests;
				PRODUCT_NAME = "$(TARGET_NAME)";
				TEST_TARGET_NAME = p;
			};
			name = Debug;
		};
		3A19E5901CFCCF7600A3522B /* Release */ = {
			isa = XCBuildConfiguration;
			buildSettings = {
				INFOPLIST_FILE = pUITests/Info.plist;
				LD_RUNPATH_SEARCH_PATHS = "$(inherited) @executable_path/Frameworks @loader_path/Frameworks";
				PRODUCT_BUNDLE_IDENTIFIER = com.prioritize.raheelakhan.pUITests;
				PRODUCT_NAME = "$(TARGET_NAME)";
				TEST_TARGET_NAME = p;
			};
			name = Release;
		};
/* End XCBuildConfiguration section */

/* Begin XCConfigurationList section */
		3A19E55B1CFCCF7600A3522B /* Build configuration list for PBXProject "p" */ = {
			isa = XCConfigurationList;
			buildConfigurations = (
				3A19E5861CFCCF7600A3522B /* Debug */,
				3A19E5871CFCCF7600A3522B /* Release */,
			);
			defaultConfigurationIsVisible = 0;
			defaultConfigurationName = Release;
		};
		3A19E5881CFCCF7600A3522B /* Build configuration list for PBXNativeTarget "p" */ = {
			isa = XCConfigurationList;
			buildConfigurations = (
				3A19E5891CFCCF7600A3522B /* Debug */,
				3A19E58A1CFCCF7600A3522B /* Release */,
			);
			defaultConfigurationIsVisible = 0;
		};
		3A19E58B1CFCCF7600A3522B /* Build configuration list for PBXNativeTarget "pTests" */ = {
			isa = XCConfigurationList;
			buildConfigurations = (
				3A19E58C1CFCCF7600A3522B /* Debug */,
				3A19E58D1CFCCF7600A3522B /* Release */,
			);
			defaultConfigurationIsVisible = 0;
		};
		3A19E58E1CFCCF7600A3522B /* Build configuration list for PBXNativeTarget "pUITests" */ = {
			isa = XCConfigurationList;
			buildConfigurations = (
				3A19E58F1CFCCF7600A3522B /* Debug */,
				3A19E5901CFCCF7600A3522B /* Release */,
			);
			defaultConfigurationIsVisible = 0;
		};
/* End XCConfigurationList section */
	};
	rootObject = 3A19E5581CFCCF7600A3522B /* Project object */;
}
